
Microsoft Visual Studio Solution File, Format Version 12.00
# Visual Studio Version 17
VisualStudioVersion = 17.10.35013.160
MinimumVisualStudioVersion = 10.0.40219.1
Project("{9A19103F-16F7-4668-BE54-9A1E7A4F7556}") = "PresentationLayer", "WebAPI\PresentationLayer.csproj", "{1D0560C6-02CF-448D-AD14-834EC91A237D}"
EndProject
Project("{FAE04EC0-301F-11D3-BF4B-00C04F79EFBC}") = "DataAccessLayer", "DataAccessLayer\DataAccessLayer.csproj", "{C6DB0D61-3181-40DE-BE9D-E606D7A71CE2}"
EndProject
Project("{FAE04EC0-301F-11D3-BF4B-00C04F79EFBC}") = "BusinessLogicLayer", "BusinessLogicLayer\BusinessLogicLayer.csproj", "{2CA1FADA-434C-4CE6-82A2-29F1CED3B0D9}"
EndProject
Global
	GlobalSection(SolutionConfigurationPlatforms) = preSolution
		Debug|Any CPU = Debug|Any CPU
		Release|Any CPU = Release|Any CPU
	EndGlobalSection
	GlobalSection(ProjectConfigurationPlatforms) = postSolution
		{1D0560C6-02CF-448D-AD14-834EC91A237D}.Debug|Any CPU.ActiveCfg = Debug|Any CPU
		{1D0560C6-02CF-448D-AD14-834EC91A237D}.Debug|Any CPU.Build.0 = Debug|Any CPU
		{1D0560C6-02CF-448D-AD14-834EC91A237D}.Release|Any CPU.ActiveCfg = Release|Any CPU
		{1D0560C6-02CF-448D-AD14-834EC91A237D}.Release|Any CPU.Build.0 = Release|Any CPU
		{C6DB0D61-3181-40DE-BE9D-E606D7A71CE2}.Debug|Any CPU.ActiveCfg = Debug|Any CPU
		{C6DB0D61-3181-40DE-BE9D-E606D7A71CE2}.Debug|Any CPU.Build.0 = Debug|Any CPU
		{C6DB0D61-3181-40DE-BE9D-E606D7A71CE2}.Release|Any CPU.ActiveCfg = Release|Any CPU
		{C6DB0D61-3181-40DE-BE9D-E606D7A71CE2}.Release|Any CPU.Build.0 = Release|Any CPU
		{2CA1FADA-434C-4CE6-82A2-29F1CED3B0D9}.Debug|Any CPU.ActiveCfg = Debug|Any CPU
		{2CA1FADA-434C-4CE6-82A2-29F1CED3B0D9}.Debug|Any CPU.Build.0 = Debug|Any CPU
		{2CA1FADA-434C-4CE6-82A2-29F1CED3B0D9}.Release|Any CPU.ActiveCfg = Release|Any CPU
		{2CA1FADA-434C-4CE6-82A2-29F1CED3B0D9}.Release|Any CPU.Build.0 = Release|Any CPU
	EndGlobalSection
	GlobalSection(SolutionProperties) = preSolution
		HideSolutionNode = FALSE
	EndGlobalSection
	GlobalSection(ExtensibilityGlobals) = postSolution
		SolutionGuid = {851AF9DF-FF33-4A5F-9499-B6110BDE9A11}
	EndGlobalSection
EndGlobal
